// !$*UTF8*$!
{
	archiveVersion = 1;
	classes = {
	};
	objectVersion = 46;
	objects = {

/* Begin PBXBuildFile section */
		11F5E9511BF3C3DD0056A82A /* AssignmentTests.m in Sources */ = {isa = PBXBuildFile; fileRef = 11F5E9501BF3C3DD0056A82A /* AssignmentTests.m */; };
		F4190B931BFAD4F60054B31A /* FeedModel.m in Sources */ = {isa = PBXBuildFile; fileRef = F4190B921BFAD4F60054B31A /* FeedModel.m */; };
		F4ADAE861BFBA6A5009DCD7C /* SharedUtil.m in Sources */ = {isa = PBXBuildFile; fileRef = F4ADAE851BFBA6A5009DCD7C /* SharedUtil.m */; };
		F4D627171BFACE7900B6D67F /* Assets.xcassets in Resources */ = {isa = PBXBuildFile; fileRef = F4D6270B1BFACE7900B6D67F /* Assets.xcassets */; };
		F4D627181BFACE7900B6D67F /* Info.plist in Resources */ = {isa = PBXBuildFile; fileRef = F4D6270C1BFACE7900B6D67F /* Info.plist */; };
		F4D627191BFACE7900B6D67F /* main.m in Sources */ = {isa = PBXBuildFile; fileRef = F4D6270D1BFACE7900B6D67F /* main.m */; };
		F4D6271A1BFACE7900B6D67F /* AppDelegate.m in Sources */ = {isa = PBXBuildFile; fileRef = F4D627101BFACE7900B6D67F /* AppDelegate.m */; };
		F4D6271B1BFACE7900B6D67F /* FeedCell.m in Sources */ = {isa = PBXBuildFile; fileRef = F4D627131BFACE7900B6D67F /* FeedCell.m */; };
		F4D6271C1BFACE7900B6D67F /* FeedViewController.m in Sources */ = {isa = PBXBuildFile; fileRef = F4D627161BFACE7900B6D67F /* FeedViewController.m */; };
/* End PBXBuildFile section */

/* Begin PBXContainerItemProxy section */
		11F5E94D1BF3C3DD0056A82A /* PBXContainerItemProxy */ = {
			isa = PBXContainerItemProxy;
			containerPortal = 11F5E92B1BF3C3DD0056A82A /* Project object */;
			proxyType = 1;
			remoteGlobalIDString = 11F5E9321BF3C3DD0056A82A;
			remoteInfo = Assignment;
		};
/* End PBXContainerItemProxy section */

/* Begin PBXFileReference section */
		11F5E9331BF3C3DD0056A82A /* Assignment.app */ = {isa = PBXFileReference; explicitFileType = wrapper.application; includeInIndex = 0; path = Assignment.app; sourceTree = BUILT_PRODUCTS_DIR; };
		11F5E94C1BF3C3DD0056A82A /* AssignmentTests.xctest */ = {isa = PBXFileReference; explicitFileType = wrapper.cfbundle; includeInIndex = 0; path = AssignmentTests.xctest; sourceTree = BUILT_PRODUCTS_DIR; };
		11F5E9501BF3C3DD0056A82A /* AssignmentTests.m */ = {isa = PBXFileReference; lastKnownFileType = sourcecode.c.objc; path = AssignmentTests.m; sourceTree = "<group>"; };
		11F5E9521BF3C3DD0056A82A /* Info.plist */ = {isa = PBXFileReference; lastKnownFileType = text.plist.xml; path = Info.plist; sourceTree = "<group>"; };
		F4190B911BFAD4F60054B31A /* FeedModel.h */ = {isa = PBXFileReference; fileEncoding = 4; lastKnownFileType = sourcecode.c.h; path = FeedModel.h; sourceTree = "<group>"; };
		F4190B921BFAD4F60054B31A /* FeedModel.m */ = {isa = PBXFileReference; fileEncoding = 4; lastKnownFileType = sourcecode.c.objc; path = FeedModel.m; sourceTree = "<group>"; };
		F4ADAE841BFBA6A5009DCD7C /* SharedUtil.h */ = {isa = PBXFileReference; fileEncoding = 4; lastKnownFileType = sourcecode.c.h; path = SharedUtil.h; sourceTree = "<group>"; };
		F4ADAE851BFBA6A5009DCD7C /* SharedUtil.m */ = {isa = PBXFileReference; fileEncoding = 4; lastKnownFileType = sourcecode.c.objc; path = SharedUtil.m; sourceTree = "<group>"; };
		F4D6270B1BFACE7900B6D67F /* Assets.xcassets */ = {isa = PBXFileReference; lastKnownFileType = folder.assetcatalog; path = Assets.xcassets; sourceTree = "<group>"; };
		F4D6270C1BFACE7900B6D67F /* Info.plist */ = {isa = PBXFileReference; fileEncoding = 4; lastKnownFileType = text.plist.xml; path = Info.plist; sourceTree = "<group>"; };
		F4D6270D1BFACE7900B6D67F /* main.m */ = {isa = PBXFileReference; fileEncoding = 4; lastKnownFileType = sourcecode.c.objc; path = main.m; sourceTree = "<group>"; };
		F4D6270F1BFACE7900B6D67F /* AppDelegate.h */ = {isa = PBXFileReference; fileEncoding = 4; lastKnownFileType = sourcecode.c.h; path = AppDelegate.h; sourceTree = "<group>"; };
		F4D627101BFACE7900B6D67F /* AppDelegate.m */ = {isa = PBXFileReference; fileEncoding = 4; lastKnownFileType = sourcecode.c.objc; path = AppDelegate.m; sourceTree = "<group>"; };
		F4D627121BFACE7900B6D67F /* FeedCell.h */ = {isa = PBXFileReference; fileEncoding = 4; lastKnownFileType = sourcecode.c.h; path = FeedCell.h; sourceTree = "<group>"; };
		F4D627131BFACE7900B6D67F /* FeedCell.m */ = {isa = PBXFileReference; fileEncoding = 4; lastKnownFileType = sourcecode.c.objc; path = FeedCell.m; sourceTree = "<group>"; };
		F4D627151BFACE7900B6D67F /* FeedViewController.h */ = {isa = PBXFileReference; fileEncoding = 4; lastKnownFileType = sourcecode.c.h; path = FeedViewController.h; sourceTree = "<group>"; };
		F4D627161BFACE7900B6D67F /* FeedViewController.m */ = {isa = PBXFileReference; fileEncoding = 4; lastKnownFileType = sourcecode.c.objc; path = FeedViewController.m; sourceTree = "<group>"; };
/* End PBXFileReference section */

/* Begin PBXFrameworksBuildPhase section */
		11F5E9301BF3C3DD0056A82A /* Frameworks */ = {
			isa = PBXFrameworksBuildPhase;
			buildActionMask = 2147483647;
			files = (
			);
			runOnlyForDeploymentPostprocessing = 0;
		};
		11F5E9491BF3C3DD0056A82A /* Frameworks */ = {
			isa = PBXFrameworksBuildPhase;
			buildActionMask = 2147483647;
			files = (
			);
			runOnlyForDeploymentPostprocessing = 0;
		};
/* End PBXFrameworksBuildPhase section */

/* Begin PBXGroup section */
		11F5E92A1BF3C3DD0056A82A = {
			isa = PBXGroup;
			children = (
				11F5E9351BF3C3DD0056A82A /* Assignment */,
				11F5E94F1BF3C3DD0056A82A /* AssignmentTests */,
				11F5E9341BF3C3DD0056A82A /* Products */,
			);
			sourceTree = "<group>";
		};
		11F5E9341BF3C3DD0056A82A /* Products */ = {
			isa = PBXGroup;
			children = (
				11F5E9331BF3C3DD0056A82A /* Assignment.app */,
				11F5E94C1BF3C3DD0056A82A /* AssignmentTests.xctest */,
			);
			name = Products;
			sourceTree = "<group>";
		};
		11F5E9351BF3C3DD0056A82A /* Assignment */ = {
			isa = PBXGroup;
			children = (
				F4D627111BFACE7900B6D67F /* Model */,
				F4D627141BFACE7900B6D67F /* View */,
				F4D6270E1BFACE7900B6D67F /* Controller */,
				F4D6270A1BFACE7900B6D67F /* Common */,
			);
			path = Assignment;
			sourceTree = "<group>";
		};
		11F5E94F1BF3C3DD0056A82A /* AssignmentTests */ = {
			isa = PBXGroup;
			children = (
				11F5E9501BF3C3DD0056A82A /* AssignmentTests.m */,
				11F5E9521BF3C3DD0056A82A /* Info.plist */,
			);
			path = AssignmentTests;
			sourceTree = "<group>";
		};
		F4D6270A1BFACE7900B6D67F /* Common */ = {
			isa = PBXGroup;
			children = (
				F4D6270B1BFACE7900B6D67F /* Assets.xcassets */,
				F4D6270C1BFACE7900B6D67F /* Info.plist */,
				F4D6270D1BFACE7900B6D67F /* main.m */,
			);
			path = Common;
			sourceTree = "<group>";
		};
		F4D6270E1BFACE7900B6D67F /* Controller */ = {
			isa = PBXGroup;
			children = (
				F4ADAE841BFBA6A5009DCD7C /* SharedUtil.h */,
				F4ADAE851BFBA6A5009DCD7C /* SharedUtil.m */,
				F4D6270F1BFACE7900B6D67F /* AppDelegate.h */,
				F4D627101BFACE7900B6D67F /* AppDelegate.m */,
			);
			path = Controller;
			sourceTree = "<group>";
		};
		F4D627111BFACE7900B6D67F /* Model */ = {
			isa = PBXGroup;
			children = (
				F4190B911BFAD4F60054B31A /* FeedModel.h */,
				F4190B921BFAD4F60054B31A /* FeedModel.m */,
				F4D627121BFACE7900B6D67F /* FeedCell.h */,
				F4D627131BFACE7900B6D67F /* FeedCell.m */,
			);
			path = Model;
			sourceTree = "<group>";
		};
		F4D627141BFACE7900B6D67F /* View */ = {
			isa = PBXGroup;
			children = (
				F4D627151BFACE7900B6D67F /* FeedViewController.h */,
				F4D627161BFACE7900B6D67F /* FeedViewController.m */,
			);
			path = View;
			sourceTree = "<group>";
		};
/* End PBXGroup section */

/* Begin PBXNativeTarget section */
		11F5E9321BF3C3DD0056A82A /* Assignment */ = {
			isa = PBXNativeTarget;
			buildConfigurationList = 11F5E9601BF3C3DD0056A82A /* Build configuration list for PBXNativeTarget "Assignment" */;
			buildPhases = (
				11F5E92F1BF3C3DD0056A82A /* Sources */,
				11F5E9301BF3C3DD0056A82A /* Frameworks */,
				11F5E9311BF3C3DD0056A82A /* Resources */,
			);
			buildRules = (
			);
			dependencies = (
			);
			name = Assignment;
			productName = Assignment;
			productReference = 11F5E9331BF3C3DD0056A82A /* Assignment.app */;
			productType = "com.apple.product-type.application";
		};
		11F5E94B1BF3C3DD0056A82A /* AssignmentTests */ = {
			isa = PBXNativeTarget;
			buildConfigurationList = 11F5E9631BF3C3DD0056A82A /* Build configuration list for PBXNativeTarget "AssignmentTests" */;
			buildPhases = (
				11F5E9481BF3C3DD0056A82A /* Sources */,
				11F5E9491BF3C3DD0056A82A /* Frameworks */,
				11F5E94A1BF3C3DD0056A82A /* Resources */,
			);
			buildRules = (
			);
			dependencies = (
				11F5E94E1BF3C3DD0056A82A /* PBXTargetDependency */,
			);
			name = AssignmentTests;
			productName = AssignmentTests;
			productReference = 11F5E94C1BF3C3DD0056A82A /* AssignmentTests.xctest */;
			productType = "com.apple.product-type.bundle.unit-test";
		};
/* End PBXNativeTarget section */

/* Begin PBXProject section */
		11F5E92B1BF3C3DD0056A82A /* Project object */ = {
			isa = PBXProject;
			attributes = {
				LastUpgradeCheck = 0700;
				ORGANIZATIONNAME = Cognizant;
				TargetAttributes = {
					11F5E9321BF3C3DD0056A82A = {
						CreatedOnToolsVersion = 7.0;
					};
					11F5E94B1BF3C3DD0056A82A = {
						CreatedOnToolsVersion = 7.0;
						TestTargetID = 11F5E9321BF3C3DD0056A82A;
					};
				};
			};
			buildConfigurationList = 11F5E92E1BF3C3DD0056A82A /* Build configuration list for PBXProject "Assignment" */;
			compatibilityVersion = "Xcode 3.2";
			developmentRegion = English;
			hasScannedForEncodings = 0;
			knownRegions = (
				en,
				Base,
			);
			mainGroup = 11F5E92A1BF3C3DD0056A82A;
			productRefGroup = 11F5E9341BF3C3DD0056A82A /* Products */;
			projectDirPath = "";
			projectRoot = "";
			targets = (
				11F5E9321BF3C3DD0056A82A /* Assignment */,
				11F5E94B1BF3C3DD0056A82A /* AssignmentTests */,
			);
		};
/* End PBXProject section */

/* Begin PBXResourcesBuildPhase section */
		11F5E9311BF3C3DD0056A82A /* Resources */ = {
			isa = PBXResourcesBuildPhase;
			buildActionMask = 2147483647;
			files = (
				F4D627181BFACE7900B6D67F /* Info.plist in Resources */,
				F4D627171BFACE7900B6D67F /* Assets.xcassets in Resources */,
			);
			runOnlyForDeploymentPostprocessing = 0;
		};
		11F5E94A1BF3C3DD0056A82A /* Resources */ = {
			isa = PBXResourcesBuildPhase;
			buildActionMask = 2147483647;
			files = (
			);
			runOnlyForDeploymentPostprocessing = 0;
		};
/* End PBXResourcesBuildPhase section */

/* Begin PBXSourcesBuildPhase section */
		11F5E92F1BF3C3DD0056A82A /* Sources */ = {
			isa = PBXSourcesBuildPhase;
			buildActionMask = 2147483647;
			files = (
				F4ADAE861BFBA6A5009DCD7C /* SharedUtil.m in Sources */,
				F4D627191BFACE7900B6D67F /* main.m in Sources */,
				F4D6271B1BFACE7900B6D67F /* FeedCell.m in Sources */,
				F4190B931BFAD4F60054B31A /* FeedModel.m in Sources */,
				F4D6271A1BFACE7900B6D67F /* AppDelegate.m in Sources */,
				F4D6271C1BFACE7900B6D67F /* FeedViewController.m in Sources */,
			);
			runOnlyForDeploymentPostprocessing = 0;
		};
		11F5E9481BF3C3DD0056A82A /* Sources */ = {
			isa = PBXSourcesBuildPhase;
			buildActionMask = 2147483647;
			files = (
				11F5E9511BF3C3DD0056A82A /* AssignmentTests.m in Sources */,
			);
			runOnlyForDeploymentPostprocessing = 0;
		};
/* End PBXSourcesBuildPhase section */

/* Begin PBXTargetDependency section */
		11F5E94E1BF3C3DD0056A82A /* PBXTargetDependency */ = {
			isa = PBXTargetDependency;
			target = 11F5E9321BF3C3DD0056A82A /* Assignment */;
			targetProxy = 11F5E94D1BF3C3DD0056A82A /* PBXContainerItemProxy */;
		};
/* End PBXTargetDependency section */

/* Begin XCBuildConfiguration section */
		11F5E95E1BF3C3DD0056A82A /* Debug */ = {
			isa = XCBuildConfiguration;
			buildSettings = {
				ALWAYS_SEARCH_USER_PATHS = NO;
				CLANG_CXX_LANGUAGE_STANDARD = "gnu++0x";
				CLANG_CXX_LIBRARY = "libc++";
				CLANG_ENABLE_MODULES = YES;
				CLANG_ENABLE_OBJC_ARC = YES;
				CLANG_WARN_BOOL_CONVERSION = YES;
				CLANG_WARN_CONSTANT_CONVERSION = YES;
				CLANG_WARN_DIRECT_OBJC_ISA_USAGE = YES_ERROR;
				CLANG_WARN_EMPTY_BODY = YES;
				CLANG_WARN_ENUM_CONVERSION = YES;
				CLANG_WARN_INT_CONVERSION = YES;
				CLANG_WARN_OBJC_ROOT_CLASS = YES_ERROR;
				CLANG_WARN_UNREACHABLE_CODE = YES;
				CLANG_WARN__DUPLICATE_METHOD_MATCH = YES;
				"CODE_SIGN_IDENTITY[sdk=iphoneos*]" = "iPhone Developer";
				COPY_PHASE_STRIP = NO;
				DEBUG_INFORMATION_FORMAT = dwarf;
				ENABLE_STRICT_OBJC_MSGSEND = YES;
				ENABLE_TESTABILITY = YES;
				GCC_C_LANGUAGE_STANDARD = gnu99;
				GCC_DYNAMIC_NO_PIC = NO;
				GCC_NO_COMMON_BLOCKS = YES;
				GCC_OPTIMIZATION_LEVEL = 0;
				GCC_PREPROCESSOR_DEFINITIONS = (
					"DEBUG=1",
					"$(inherited)",
				);
				GCC_WARN_64_TO_32_BIT_CONVERSION = YES;
				GCC_WARN_ABOUT_RETURN_TYPE = YES_ERROR;
				GCC_WARN_UNDECLARED_SELECTOR = YES;
				GCC_WARN_UNINITIALIZED_AUTOS = YES_AGGRESSIVE;
				GCC_WARN_UNUSED_FUNCTION = YES;
				GCC_WARN_UNUSED_VARIABLE = YES;
				IPHONEOS_DEPLOYMENT_TARGET = 8.0;
				MTL_ENABLE_DEBUG_INFO = YES;
				ONLY_ACTIVE_ARCH = YES;
				SDKROOT = iphoneos;
			};
			name = Debug;
		};
		11F5E95F1BF3C3DD0056A82A /* Release */ = {
			isa = XCBuildConfiguration;
			buildSettings = {
				ALWAYS_SEARCH_USER_PATHS = NO;
				CLANG_CXX_LANGUAGE_STANDARD = "gnu++0x";
				CLANG_CXX_LIBRARY = "libc++";
				CLANG_ENABLE_MODULES = YES;
				CLANG_ENABLE_OBJC_ARC = YES;
				CLANG_WARN_BOOL_CONVERSION = YES;
				CLANG_WARN_CONSTANT_CONVERSION = YES;
				CLANG_WARN_DIRECT_OBJC_ISA_USAGE = YES_ERROR;
				CLANG_WARN_EMPTY_BODY = YES;
				CLANG_WARN_ENUM_CONVERSION = YES;
				CLANG_WARN_INT_CONVERSION = YES;
				CLANG_WARN_OBJC_ROOT_CLASS = YES_ERROR;
				CLANG_WARN_UNREACHABLE_CODE = YES;
				CLANG_WARN__DUPLICATE_METHOD_MATCH = YES;
				"CODE_SIGN_IDENTITY[sdk=iphoneos*]" = "iPhone Developer";
				COPY_PHASE_STRIP = NO;
				DEBUG_INFORMATION_FORMAT = "dwarf-with-dsym";
				ENABLE_NS_ASSERTIONS = NO;
				ENABLE_STRICT_OBJC_MSGSEND = YES;
				GCC_C_LANGUAGE_STANDARD = gnu99;
				GCC_NO_COMMON_BLOCKS = YES;
				GCC_WARN_64_TO_32_BIT_CONVERSION = YES;
				GCC_WARN_ABOUT_RETURN_TYPE = YES_ERROR;
				GCC_WARN_UNDECLARED_SELECTOR = YES;
				GCC_WARN_UNINITIALIZED_AUTOS = YES_AGGRESSIVE;
				GCC_WARN_UNUSED_FUNCTION = YES;
				GCC_WARN_UNUSED_VARIABLE = YES;
				IPHONEOS_DEPLOYMENT_TARGET = 8.0;
				MTL_ENABLE_DEBUG_INFO = NO;
				SDKROOT = iphoneos;
				VALIDATE_PRODUCT = YES;
			};
			name = Release;
		};
		11F5E9611BF3C3DD0056A82A /* Debug */ = {
			isa = XCBuildConfiguration;
			buildSettings = {
				ASSETCATALOG_COMPILER_APPICON_NAME = AppIcon;
				INFOPLIST_FILE = Assignment/Common/Info.plist;
				IPHONEOS_DEPLOYMENT_TARGET = 8.0;
				LD_RUNPATH_SEARCH_PATHS = "$(inherited) @executable_path/Frameworks";
				PRODUCT_BUNDLE_IDENTIFIER = com.cognizant.Assignment;
				PRODUCT_NAME = "$(TARGET_NAME)";
			};
			name = Debug;
		};
		11F5E9621BF3C3DD0056A82A /* Release */ = {
			isa = XCBuildConfiguration;
			buildSettings = {
				ASSETCATALOG_COMPILER_APPICON_NAME = AppIcon;
				INFOPLIST_FILE = Assignment/Common/Info.plist;
				IPHONEOS_DEPLOYMENT_TARGET = 8.0;
				LD_RUNPATH_SEARCH_PATHS = "$(inherited) @executable_path/Frameworks";
				PRODUCT_BUNDLE_IDENTIFIER = com.cognizant.Assignment;
				PRODUCT_NAME = "$(TARGET_NAME)";
			};
			name = Release;
		};
		11F5E9641BF3C3DD0056A82A /* Debug */ = {
			isa = XCBuildConfiguration;
			buildSettings = {
				BUNDLE_LOADER = "$(TEST_HOST)";
				INFOPLIST_FILE = AssignmentTests/Info.plist;
				LD_RUNPATH_SEARCH_PATHS = "$(inherited) @executable_path/Frameworks @loader_path/Frameworks";
				PRODUCT_BUNDLE_IDENTIFIER = com.hubino.AssignmentTests;
				PRODUCT_NAME = "$(TARGET_NAME)";
				TEST_HOST = "$(BUILT_PRODUCTS_DIR)/Assignment.app/Assignment";
			};
			name = Debug;
		};
		11F5E9651BF3C3DD0056A82A /* Release */ = {
			isa = XCBuildConfiguration;
			buildSettings = {
				BUNDLE_LOADER = "$(TEST_HOST)";
				INFOPLIST_FILE = AssignmentTests/Info.plist;
				LD_RUNPATH_SEARCH_PATHS = "$(inherited) @executable_path/Frameworks @loader_path/Frameworks";
				PRODUCT_BUNDLE_IDENTIFIER = com.hubino.AssignmentTests;
				PRODUCT_NAME = "$(TARGET_NAME)";
				TEST_HOST = "$(BUILT_PRODUCTS_DIR)/Assignment.app/Assignment";
			};
			name = Release;
		};
/* End XCBuildConfiguration section */

/* Begin XCConfigurationList section */
		11F5E92E1BF3C3DD0056A82A /* Build configuration list for PBXProject "Assignment" */ = {
			isa = XCConfigurationList;
			buildConfigurations = (
				11F5E95E1BF3C3DD0056A82A /* Debug */,
				11F5E95F1BF3C3DD0056A82A /* Release */,
			);
			defaultConfigurationIsVisible = 0;
			defaultConfigurationName = Release;
		};
		11F5E9601BF3C3DD0056A82A /* Build configuration list for PBXNativeTarget "Assignment" */ = {
			isa = XCConfigurationList;
			buildConfigurations = (
				11F5E9611BF3C3DD0056A82A /* Debug */,
				11F5E9621BF3C3DD0056A82A /* Release */,
			);
			defaultConfigurationIsVisible = 0;
			defaultConfigurationName = Release;
		};
		11F5E9631BF3C3DD0056A82A /* Build configuration list for PBXNativeTarget "AssignmentTests" */ = {
			isa = XCConfigurationList;
			buildConfigurations = (
				11F5E9641BF3C3DD0056A82A /* Debug */,
				11F5E9651BF3C3DD0056A82A /* Release */,
			);
			defaultConfigurationIsVisible = 0;
			defaultConfigurationName = Release;
		};
/* End XCConfigurationList section */
	};
	rootObject = 11F5E92B1BF3C3DD0056A82A /* Project object */;
}
